
Microsoft Visual Studio Solution File, Format Version 12.00
# Visual Studio Version 16
VisualStudioVersion = 16.0.30413.136
MinimumVisualStudioVersion = 10.0.40219.1
Project("{F184B08F-C81C-45F6-A57F-5ABD9991F28F}") = "ViewLDD", "ViewLDD\ViewLDD.vbproj", "{21A63923-6880-4311-A614-017936B37E4A}"
EndProject
Project("{F184B08F-C81C-45F6-A57F-5ABD9991F28F}") = "myLocalization", "myLocalization\myLocalization.vbproj", "{E74FD97B-12A1-47C2-807A-27267581B2F5}"
EndProject
Project("{D954291E-2A0B-460D-934E-DC6B0785DB48}") = "SharedMultiPumpNE", "SharedMultiPumpNE\SharedMultiPumpNE.shproj", "{332504EA-EA6E-4249-8760-F32C71B94ECD}"
EndProject
Global
	GlobalSection(SharedMSBuildProjectFiles) = preSolution
		SharedMultiPumpNE\SharedMultiPumpNE.projitems*{21a63923-6880-4311-a614-017936b37e4a}*SharedItemsImports = 4
		SharedMultiPumpNE\SharedMultiPumpNE.projitems*{332504ea-ea6e-4249-8760-f32c71b94ecd}*SharedItemsImports = 13
	EndGlobalSection
	GlobalSection(SolutionConfigurationPlatforms) = preSolution
		Debug|Any CPU = Debug|Any CPU
		Release|Any CPU = Release|Any CPU
	EndGlobalSection
	GlobalSection(ProjectConfigurationPlatforms) = postSolution
		{21A63923-6880-4311-A614-017936B37E4A}.Debug|Any CPU.ActiveCfg = Debug|Any CPU
		{21A63923-6880-4311-A614-017936B37E4A}.Debug|Any CPU.Build.0 = Debug|Any CPU
		{21A63923-6880-4311-A614-017936B37E4A}.Release|Any CPU.ActiveCfg = Release|Any CPU
		{21A63923-6880-4311-A614-017936B37E4A}.Release|Any CPU.Build.0 = Release|Any CPU
		{E74FD97B-12A1-47C2-807A-27267581B2F5}.Debug|Any CPU.ActiveCfg = Debug|Any CPU
		{E74FD97B-12A1-47C2-807A-27267581B2F5}.Debug|Any CPU.Build.0 = Debug|Any CPU
		{E74FD97B-12A1-47C2-807A-27267581B2F5}.Release|Any CPU.ActiveCfg = Release|Any CPU
		{E74FD97B-12A1-47C2-807A-27267581B2F5}.Release|Any CPU.Build.0 = Release|Any CPU
	EndGlobalSection
	GlobalSection(SolutionProperties) = preSolution
		HideSolutionNode = FALSE
	EndGlobalSection
	GlobalSection(ExtensibilityGlobals) = postSolution
		SolutionGuid = {D9CC8C65-8CBE-4396-93E4-B6D031E78B38}
	EndGlobalSection
EndGlobal
